{
  "nodes": {
    "darwin": {
      "inputs": {
        "nixpkgs": [
          "nixpkgs-darwin"
        ]
      },
      "locked": {
        "lastModified": 1730600078,
        "narHash": "sha256-BoyFmE59HDF3uybBySsWVoyjNuHvz3Wv8row/mSb958=",
        "owner": "lnl7",
        "repo": "nix-darwin",
        "rev": "4652874d014b82cb746173ffc64f6a70044daa7e",
        "type": "github"
      },
      "original": {
        "owner": "lnl7",
        "repo": "nix-darwin",
        "type": "github"
      }
    },
    "home-manager": {
      "inputs": {
        "nixpkgs": [
          "nixpkgs-darwin"
        ]
      },
      "locked": {
        "lastModified": 1726989464,
        "narHash": "sha256-Vl+WVTJwutXkimwGprnEtXc/s/s8sMuXzqXaspIGlwM=",
        "owner": "nix-community",
        "repo": "home-manager",
        "rev": "2f23fa308a7c067e52dfcc30a0758f47043ec176",
        "type": "github"
      },
      "original": {
        "owner": "nix-community",
        "ref": "release-24.05",
        "repo": "home-manager",
        "type": "github"
      }
    },
    "nixpkgs": {
      "locked": {
        "lastModified": 0,
        "narHash": "sha256-JhEY6lGAdVzpytYgVd80bLeOqqrQ2SwWYEq2RXFnofg=",
        "path": "/nix/store/a8wm9z26cb69mslnx1rhpvkfdv0z2ja3-source",
        "type": "path"
      },
      "original": {
        "id": "nixpkgs",
        "type": "indirect"
      }
    },
    "nixpkgs-darwin": {
      "locked": {
        "lastModified": 1730381317,
        "narHash": "sha256-JhEY6lGAdVzpytYgVd80bLeOqqrQ2SwWYEq2RXFnofg=",
        "owner": "nixos",
        "repo": "nixpkgs",
        "rev": "9706f4dd0e516de529fbd15bb8337e4a10d53307",
        "type": "github"
      },
      "original": {
        "owner": "nixos",
        "ref": "nixpkgs-24.05-darwin",
        "repo": "nixpkgs",
        "type": "github"
      }
    },
    "root": {
      "inputs": {
        "darwin": "darwin",
        "home-manager": "home-manager",
        "nixpkgs": "nixpkgs",
        "nixpkgs-darwin": "nixpkgs-darwin"
      }
    }
  },
  "root": "root",
  "version": 7
}
